
Microsoft Visual Studio Solution File, Format Version 12.00
# Visual Studio Version 16
VisualStudioVersion = 16.0.32228.343
MinimumVisualStudioVersion = 10.0.40219.1
Project("{F184B08F-C81C-45F6-A57F-5ABD9991F28F}") = "Project_Database_Integration", "Project_Database_Integration\Project_Database_Integration.vbproj", "{FF52A8D7-560D-4B3C-A316-82D50A01121C}"
EndProject
Global
	GlobalSection(SolutionConfigurationPlatforms) = preSolution
		Debug|Any CPU = Debug|Any CPU
		Release|Any CPU = Release|Any CPU
	EndGlobalSection
	GlobalSection(ProjectConfigurationPlatforms) = postSolution
		{FF52A8D7-560D-4B3C-A316-82D50A01121C}.Debug|Any CPU.ActiveCfg = Debug|Any CPU
		{FF52A8D7-560D-4B3C-A316-82D50A01121C}.Debug|Any CPU.Build.0 = Debug|Any CPU
		{FF52A8D7-560D-4B3C-A316-82D50A01121C}.Release|Any CPU.ActiveCfg = Release|Any CPU
		{FF52A8D7-560D-4B3C-A316-82D50A01121C}.Release|Any CPU.Build.0 = Release|Any CPU
	EndGlobalSection
	GlobalSection(SolutionProperties) = preSolution
		HideSolutionNode = FALSE
	EndGlobalSection
	GlobalSection(ExtensibilityGlobals) = postSolution
		SolutionGuid = {ABDDC2E7-57C6-4476-AD15-1AA4C3C56FBA}
	EndGlobalSection
EndGlobal
